
Microsoft Visual Studio Solution File, Format Version 12.00
# Visual Studio Version 17
VisualStudioVersion = 17.1.32210.238
MinimumVisualStudioVersion = 10.0.40219.1
Project("{FAE04EC0-301F-11D3-BF4B-00C04F79EFBC}") = "Ytel", "Ytel\Ytel.csproj", "{1B8266C0-DC0B-471C-8BC0-97C7927A6980}"
EndProject
Project("{FAE04EC0-301F-11D3-BF4B-00C04F79EFBC}") = "Ytel.Example.Api", "Ytel.Example.Api\Ytel.Example.Api.csproj", "{4F7F27CF-D5B3-4524-A8BD-C9E7899F9342}"
EndProject
Project("{FAE04EC0-301F-11D3-BF4B-00C04F79EFBC}") = "Ytel.Tests", "Ytel.Tests\Ytel.Tests.csproj", "{89799171-9F4E-4779-855E-C57ADA32238D}"
EndProject
Global
	GlobalSection(SolutionConfigurationPlatforms) = preSolution
		Debug|Any CPU = Debug|Any CPU
		Release|Any CPU = Release|Any CPU
	EndGlobalSection
	GlobalSection(ProjectConfigurationPlatforms) = postSolution
		{1B8266C0-DC0B-471C-8BC0-97C7927A6980}.Debug|Any CPU.ActiveCfg = Debug|Any CPU
		{1B8266C0-DC0B-471C-8BC0-97C7927A6980}.Debug|Any CPU.Build.0 = Debug|Any CPU
		{1B8266C0-DC0B-471C-8BC0-97C7927A6980}.Release|Any CPU.ActiveCfg = Release|Any CPU
		{1B8266C0-DC0B-471C-8BC0-97C7927A6980}.Release|Any CPU.Build.0 = Release|Any CPU
		{4F7F27CF-D5B3-4524-A8BD-C9E7899F9342}.Debug|Any CPU.ActiveCfg = Debug|Any CPU
		{4F7F27CF-D5B3-4524-A8BD-C9E7899F9342}.Debug|Any CPU.Build.0 = Debug|Any CPU
		{4F7F27CF-D5B3-4524-A8BD-C9E7899F9342}.Release|Any CPU.ActiveCfg = Release|Any CPU
		{4F7F27CF-D5B3-4524-A8BD-C9E7899F9342}.Release|Any CPU.Build.0 = Release|Any CPU
		{89799171-9F4E-4779-855E-C57ADA32238D}.Debug|Any CPU.ActiveCfg = Debug|Any CPU
		{89799171-9F4E-4779-855E-C57ADA32238D}.Debug|Any CPU.Build.0 = Debug|Any CPU
		{89799171-9F4E-4779-855E-C57ADA32238D}.Release|Any CPU.ActiveCfg = Release|Any CPU
		{89799171-9F4E-4779-855E-C57ADA32238D}.Release|Any CPU.Build.0 = Release|Any CPU
	EndGlobalSection
	GlobalSection(SolutionProperties) = preSolution
		HideSolutionNode = FALSE
	EndGlobalSection
	GlobalSection(ExtensibilityGlobals) = postSolution
		SolutionGuid = {41B186E8-E3DE-4977-9365-6D04259D7F6D}
	EndGlobalSection
EndGlobal
